
Microsoft Visual Studio Solution File, Format Version 12.00
# Visual Studio Version 16
VisualStudioVersion = 16.0.808.6
MinimumVisualStudioVersion = 10.0.40219.1
Project("{FAE04EC0-301F-11D3-BF4B-00C04F79EFBC}") = "Koleksiyonlar", "Koleksiyonlar\Koleksiyonlar.csproj", "{FA5BD609-4A72-47DC-9521-5F48D70BA218}"
EndProject
Project("{FAE04EC0-301F-11D3-BF4B-00C04F79EFBC}") = "GenericsIntro", "GenericsIntro\GenericsIntro.csproj", "{2BF96779-9227-489C-9DA2-E3BD9B1FD4C8}"
EndProject
Project("{FAE04EC0-301F-11D3-BF4B-00C04F79EFBC}") = "oop2", "oop2\oop2.csproj", "{3A580D79-C106-4434-938B-F7DB88F5DCAF}"
EndProject
Project("{FAE04EC0-301F-11D3-BF4B-00C04F79EFBC}") = "oop3", "oop3\oop3.csproj", "{44A9941E-227E-44E4-96B2-51ACA373FB12}"
EndProject
Project("{FAE04EC0-301F-11D3-BF4B-00C04F79EFBC}") = "kkkkkk.Tests", "kkkkkk.Tests\kkkkkk.Tests.csproj", "{D6FDA1F4-17C4-48C2-B94D-D109B529043D}"
EndProject
Global
	GlobalSection(SolutionConfigurationPlatforms) = preSolution
		Debug|anycpu = Debug|anycpu
		Release|anycpu = Release|anycpu
	EndGlobalSection
	GlobalSection(ProjectConfigurationPlatforms) = postSolution
		{FA5BD609-4A72-47DC-9521-5F48D70BA218}.Debug|anycpu.ActiveCfg = Debug|anycpu
		{FA5BD609-4A72-47DC-9521-5F48D70BA218}.Debug|anycpu.Build.0 = Debug|anycpu
		{FA5BD609-4A72-47DC-9521-5F48D70BA218}.Release|anycpu.ActiveCfg = Release|anycpu
		{FA5BD609-4A72-47DC-9521-5F48D70BA218}.Release|anycpu.Build.0 = Release|anycpu
		{2BF96779-9227-489C-9DA2-E3BD9B1FD4C8}.Debug|anycpu.ActiveCfg = Debug|anycpu
		{2BF96779-9227-489C-9DA2-E3BD9B1FD4C8}.Debug|anycpu.Build.0 = Debug|anycpu
		{2BF96779-9227-489C-9DA2-E3BD9B1FD4C8}.Release|anycpu.ActiveCfg = Release|anycpu
		{2BF96779-9227-489C-9DA2-E3BD9B1FD4C8}.Release|anycpu.Build.0 = Release|anycpu
		{3A580D79-C106-4434-938B-F7DB88F5DCAF}.Debug|anycpu.ActiveCfg = Debug|anycpu
		{3A580D79-C106-4434-938B-F7DB88F5DCAF}.Debug|anycpu.Build.0 = Debug|anycpu
		{3A580D79-C106-4434-938B-F7DB88F5DCAF}.Release|anycpu.ActiveCfg = Release|anycpu
		{3A580D79-C106-4434-938B-F7DB88F5DCAF}.Release|anycpu.Build.0 = Release|anycpu
		{44A9941E-227E-44E4-96B2-51ACA373FB12}.Debug|anycpu.ActiveCfg = Debug|anycpu
		{44A9941E-227E-44E4-96B2-51ACA373FB12}.Debug|anycpu.Build.0 = Debug|anycpu
		{44A9941E-227E-44E4-96B2-51ACA373FB12}.Release|anycpu.ActiveCfg = Release|anycpu
		{44A9941E-227E-44E4-96B2-51ACA373FB12}.Release|anycpu.Build.0 = Release|anycpu
		{D6FDA1F4-17C4-48C2-B94D-D109B529043D}.Debug|anycpu.ActiveCfg = Debug|Any CPU
		{D6FDA1F4-17C4-48C2-B94D-D109B529043D}.Debug|anycpu.Build.0 = Debug|Any CPU
		{D6FDA1F4-17C4-48C2-B94D-D109B529043D}.Release|anycpu.ActiveCfg = Release|Any CPU
		{D6FDA1F4-17C4-48C2-B94D-D109B529043D}.Release|anycpu.Build.0 = Release|Any CPU
	EndGlobalSection
	GlobalSection(SolutionProperties) = preSolution
		HideSolutionNode = FALSE
	EndGlobalSection
	GlobalSection(ExtensibilityGlobals) = postSolution
		SolutionGuid = {A279CE3A-C3D9-40C0-BD7F-758B014A07BC}
	EndGlobalSection
EndGlobal
